{
  "dependencies": {
    "typescript": {
      "integrity": "sha512-D/wqnB2xzNFIcoBG9FG8cXRDjiqSTbG2wd8DMZeQyJlP1vfTkIxH4GKveWaEBYySKIg+USu+E+EDIR47SqnaMQ==",
      "resolved": "https://registry.npmjs.org/typescript/-/typescript-3.9.3.tgz",
      "version": "3.9.3"
    }
  },
  "lockfileVersion": 1,
  "name": "@revilossor/core",
  "requires": true,
  "version": "0.0.0"
}